// !$*UTF8*$!
{
	archiveVersion = 1;
	classes = {
	};
	objectVersion = 77;
	objects = {

/* Begin PBXBuildFile section */
		AA00000000000000000000E1 /* MeetingCore in Frameworks */ = {isa = PBXBuildFile; productRef = AA00000000000000000000F1 /* MeetingCore */; };
		AA00000000000000000000E2 /* MeetingProviders in Frameworks */ = {isa = PBXBuildFile; productRef = AA00000000000000000000F2 /* MeetingProviders */; };
		AA00000000000000000000E3 /* GRDB in Frameworks */ = {isa = PBXBuildFile; productRef = AA00000000000000000000F3 /* GRDB */; };
		BB00000000000000000000E6 /* CameraExtension in Embed System Extensions */ = {isa = PBXBuildFile; fileRef = BB00000000000000000000A6 /* com.strongrise.meetingcompanion.cameraextension.systemextension */; settings = {ATTRIBUTES = (RemoveHeadersOnCopy, ); }; };
/* End PBXBuildFile section */

/* Begin PBXContainerItemProxy section */
		BB00000000000000000000E5 /* PBXContainerItemProxy */ = {
			isa = PBXContainerItemProxy;
			containerPortal = AA00000000000000000000B1 /* Project object */;
			proxyType = 1;
			remoteGlobalIDString = BB00000000000000000000B3;
			remoteInfo = CameraExtension;
		};
/* End PBXContainerItemProxy section */

/* Begin PBXCopyFilesBuildPhase section */
		BB00000000000000000000D7 /* Embed System Extensions */ = {
			isa = PBXCopyFilesBuildPhase;
			buildActionMask = 2147483647;
			dstPath = "$(SYSTEM_EXTENSIONS_FOLDER_PATH)";
			dstSubfolderSpec = 16;
			files = (
				BB00000000000000000000E6 /* CameraExtension in Embed System Extensions */,
			);
			name = "Embed System Extensions";
			runOnlyForDeploymentPostprocessing = 0;
		};
/* End PBXCopyFilesBuildPhase section */

/* Begin PBXFileReference section */
		AA00000000000000000000A4 /* MeetingNotes.app */ = {isa = PBXFileReference; explicitFileType = wrapper.application; includeInIndex = 0; path = MeetingNotes.app; sourceTree = BUILT_PRODUCTS_DIR; };
		BB00000000000000000000A6 /* com.strongrise.meetingcompanion.cameraextension.systemextension */ = {isa = PBXFileReference; explicitFileType = "wrapper.system-extension"; includeInIndex = 0; path = com.strongrise.meetingcompanion.cameraextension.systemextension; sourceTree = BUILT_PRODUCTS_DIR; };
/* End PBXFileReference section */

/* Begin PBXFileSystemSynchronizedRootGroup section */
		AA00000000000000000000A3 /* Sources */ = {isa = PBXFileSystemSynchronizedRootGroup; explicitFileTypes = {}; explicitFolders = (); path = App/Sources; sourceTree = "<group>"; };
		BB00000000000000000000A5 /* CameraExtensionSources */ = {isa = PBXFileSystemSynchronizedRootGroup; explicitFileTypes = {}; explicitFolders = (); name = CameraExtensionSources; path = CameraExtension/Sources; sourceTree = "<group>"; };
/* End PBXFileSystemSynchronizedRootGroup section */

/* Begin PBXFrameworksBuildPhase section */
		AA00000000000000000000D2 /* Frameworks */ = {
			isa = PBXFrameworksBuildPhase;
			buildActionMask = 2147483647;
			files = (
				AA00000000000000000000E1 /* MeetingCore in Frameworks */,
				AA00000000000000000000E2 /* MeetingProviders in Frameworks */,
				AA00000000000000000000E3 /* GRDB in Frameworks */,
			);
			runOnlyForDeploymentPostprocessing = 0;
		};
/* End PBXFrameworksBuildPhase section */

/* Begin PBXGroup section */
		AA00000000000000000000A1 = {
			isa = PBXGroup;
			children = (
				AA00000000000000000000A3 /* Sources */,
				BB00000000000000000000A5 /* CameraExtensionSources */,
				AA00000000000000000000A2 /* Products */,
			);
			sourceTree = "<group>";
		};
		AA00000000000000000000A2 /* Products */ = {
			isa = PBXGroup;
			children = (
				AA00000000000000000000A4 /* MeetingNotes.app */,
				BB00000000000000000000A6 /* com.strongrise.meetingcompanion.cameraextension.systemextension */,
			);
			name = Products;
			sourceTree = "<group>";
		};
/* End PBXGroup section */

/* Begin PBXNativeTarget section */
		AA00000000000000000000B2 /* MeetingNotes */ = {
			isa = PBXNativeTarget;
			buildConfigurationList = AA00000000000000000000C2 /* Build configuration list for PBXNativeTarget "MeetingNotes" */;
			buildPhases = (
				AA00000000000000000000D1 /* Sources */,
				AA00000000000000000000D2 /* Frameworks */,
				AA00000000000000000000D3 /* Resources */,
				BB00000000000000000000D7 /* Embed System Extensions */,
			);
			buildRules = (
			);
			dependencies = (
				BB00000000000000000000E4 /* PBXTargetDependency */,
			);
			fileSystemSynchronizedGroups = (
				AA00000000000000000000A3 /* Sources */,
			);
			name = MeetingNotes;
			packageProductDependencies = (
				AA00000000000000000000F1 /* MeetingCore */,
				AA00000000000000000000F2 /* MeetingProviders */,
				AA00000000000000000000F3 /* GRDB */,
			);
			productName = MeetingNotes;
			productReference = AA00000000000000000000A4 /* MeetingNotes.app */;
			productType = "com.apple.product-type.application";
		};
		BB00000000000000000000B3 /* CameraExtension */ = {
			isa = PBXNativeTarget;
			buildConfigurationList = BB00000000000000000000C7 /* Build configuration list for PBXNativeTarget "CameraExtension" */;
			buildPhases = (
				BB00000000000000000000D4 /* Sources */,
				BB00000000000000000000D5 /* Frameworks */,
			);
			buildRules = (
			);
			dependencies = (
			);
			fileSystemSynchronizedGroups = (
				BB00000000000000000000A5 /* CameraExtensionSources */,
			);
			name = CameraExtension;
			packageProductDependencies = (
			);
			productName = CameraExtension;
			productReference = BB00000000000000000000A6 /* com.strongrise.meetingcompanion.cameraextension.systemextension */;
			productType = "com.apple.product-type.system-extension";
		};
/* End PBXNativeTarget section */

/* Begin PBXTargetDependency section */
		BB00000000000000000000E4 /* PBXTargetDependency */ = {
			isa = PBXTargetDependency;
			target = BB00000000000000000000B3 /* CameraExtension */;
			targetProxy = BB00000000000000000000E5 /* PBXContainerItemProxy */;
		};
/* End PBXTargetDependency section */

/* Begin PBXProject section */
		AA00000000000000000000B1 /* Project object */ = {
			isa = PBXProject;
			attributes = {
				BuildIndependentTargetsInParallel = 1;
				LastUpgradeCheck = 2600;
				TargetAttributes = {
					AA00000000000000000000B2 = {
						CreatedOnToolsVersion = 26.0;
					};
				};
			};
			buildConfigurationList = AA00000000000000000000C1 /* Build configuration list for PBXProject "MeetingCompanion" */;
			developmentRegion = en;
			hasScannedForEncodings = 0;
			knownRegions = (
				en,
				Base,
			);
			mainGroup = AA00000000000000000000A1;
			minimizedProjectReferenceProxies = 1;
			packageReferences = (
				AA0000000000000000000011 /* XCLocalSwiftPackageReference "Packages/MeetingKit" */,
				AA0000000000000000000012 /* XCRemoteSwiftPackageReference "GRDB.swift" */,
			);
			preferredProjectObjectVersion = 77;
			productRefGroup = AA00000000000000000000A2 /* Products */;
			projectDirPath = "";
			projectRoot = "";
			targets = (
				AA00000000000000000000B2 /* MeetingNotes */,
				BB00000000000000000000B3 /* CameraExtension */,
			);
		};
/* End PBXProject section */

/* Begin PBXResourcesBuildPhase section */
		AA00000000000000000000D3 /* Resources */ = {
			isa = PBXResourcesBuildPhase;
			buildActionMask = 2147483647;
			files = (
			);
			runOnlyForDeploymentPostprocessing = 0;
		};
/* End PBXResourcesBuildPhase section */

/* Begin PBXSourcesBuildPhase section */
		AA00000000000000000000D1 /* Sources */ = {
			isa = PBXSourcesBuildPhase;
			buildActionMask = 2147483647;
			files = (
			);
			runOnlyForDeploymentPostprocessing = 0;
		};
		BB00000000000000000000D4 /* Sources */ = {
			isa = PBXSourcesBuildPhase;
			buildActionMask = 2147483647;
			files = (
			);
			runOnlyForDeploymentPostprocessing = 0;
		};
/* End PBXSourcesBuildPhase section */

/* Begin PBXFrameworksBuildPhase (CameraExtension) section */
		BB00000000000000000000D5 /* Frameworks */ = {
			isa = PBXFrameworksBuildPhase;
			buildActionMask = 2147483647;
			files = (
			);
			runOnlyForDeploymentPostprocessing = 0;
		};
/* End PBXFrameworksBuildPhase (CameraExtension) section */

/* Begin XCBuildConfiguration section */
		AA00000000000000000000C3 /* Debug */ = {
			isa = XCBuildConfiguration;
			buildSettings = {
				ALWAYS_SEARCH_USER_PATHS = NO;
				CLANG_ENABLE_MODULES = YES;
				CLANG_ENABLE_OBJC_ARC = YES;
				COPY_PHASE_STRIP = NO;
				DEBUG_INFORMATION_FORMAT = dwarf;
				ENABLE_STRICT_OBJC_MSGSEND = YES;
				ENABLE_TESTABILITY = YES;
				ENABLE_USER_SCRIPT_SANDBOXING = YES;
				GCC_C_LANGUAGE_STANDARD = gnu17;
				GCC_DYNAMIC_NO_PIC = NO;
				GCC_OPTIMIZATION_LEVEL = 0;
				GCC_PREPROCESSOR_DEFINITIONS = (
					"DEBUG=1",
					"$(inherited)",
				);
				MACOSX_DEPLOYMENT_TARGET = 14.0;
				MTL_ENABLE_DEBUG_INFO = INCLUDE_SOURCE;
				ONLY_ACTIVE_ARCH = YES;
				SDKROOT = macosx;
				SWIFT_ACTIVE_COMPILATION_CONDITIONS = "DEBUG $(inherited)";
				SWIFT_OPTIMIZATION_LEVEL = "-Onone";
			};
			name = Debug;
		};
		AA00000000000000000000C4 /* Release */ = {
			isa = XCBuildConfiguration;
			buildSettings = {
				ALWAYS_SEARCH_USER_PATHS = NO;
				CLANG_ENABLE_MODULES = YES;
				CLANG_ENABLE_OBJC_ARC = YES;
				COPY_PHASE_STRIP = NO;
				DEBUG_INFORMATION_FORMAT = "dwarf-with-dsym";
				ENABLE_NS_ASSERTIONS = NO;
				ENABLE_STRICT_OBJC_MSGSEND = YES;
				ENABLE_USER_SCRIPT_SANDBOXING = YES;
				GCC_C_LANGUAGE_STANDARD = gnu17;
				MACOSX_DEPLOYMENT_TARGET = 14.0;
				MTL_ENABLE_DEBUG_INFO = NO;
				SDKROOT = macosx;
				SWIFT_COMPILATION_MODE = wholemodule;
				SWIFT_OPTIMIZATION_LEVEL = "-O";
			};
			name = Release;
		};
		AA00000000000000000000C5 /* Debug */ = {
			isa = XCBuildConfiguration;
			buildSettings = {
				CODE_SIGN_ENTITLEMENTS = App/MeetingNotes.entitlements;
				CODE_SIGN_IDENTITY = "Apple Development";
				CODE_SIGN_STYLE = Automatic;
				COMBINE_HIDPI_IMAGES = YES;
				CURRENT_PROJECT_VERSION = 1;
				DEVELOPMENT_TEAM = GJPMXXQTWN;
				ENABLE_HARDENED_RUNTIME = YES;
				GENERATE_INFOPLIST_FILE = NO;
				INFOPLIST_FILE = App/Info.plist;
				LD_RUNPATH_SEARCH_PATHS = (
					"$(inherited)",
					"@executable_path/../Frameworks",
				);
				MARKETING_VERSION = 0.1.0;
				PRODUCT_BUNDLE_IDENTIFIER = com.strongrise.meetingcompanion;
				PRODUCT_NAME = MeetingNotes;
				SWIFT_VERSION = 5.0;
			};
			name = Debug;
		};
		AA00000000000000000000C6 /* Release */ = {
			isa = XCBuildConfiguration;
			buildSettings = {
				CODE_SIGN_ENTITLEMENTS = App/MeetingNotes.entitlements;
				CODE_SIGN_IDENTITY = "Apple Development";
				CODE_SIGN_STYLE = Automatic;
				COMBINE_HIDPI_IMAGES = YES;
				CURRENT_PROJECT_VERSION = 1;
				DEVELOPMENT_TEAM = GJPMXXQTWN;
				ENABLE_HARDENED_RUNTIME = YES;
				GENERATE_INFOPLIST_FILE = NO;
				INFOPLIST_FILE = App/Info.plist;
				LD_RUNPATH_SEARCH_PATHS = (
					"$(inherited)",
					"@executable_path/../Frameworks",
				);
				MARKETING_VERSION = 0.1.0;
				PRODUCT_BUNDLE_IDENTIFIER = com.strongrise.meetingcompanion;
				PRODUCT_NAME = MeetingNotes;
				SWIFT_VERSION = 5.0;
			};
			name = Release;
		};
/* End XCBuildConfiguration section */

		BB00000000000000000000C8 /* Debug */ = {
			isa = XCBuildConfiguration;
			buildSettings = {
				CODE_SIGN_ENTITLEMENTS = CameraExtension/CameraExtension.entitlements;
				CODE_SIGN_IDENTITY = "Apple Development";
				CODE_SIGN_STYLE = Automatic;
				CURRENT_PROJECT_VERSION = 1;
				DEVELOPMENT_TEAM = GJPMXXQTWN;
				ENABLE_HARDENED_RUNTIME = YES;
				GENERATE_INFOPLIST_FILE = NO;
				INFOPLIST_FILE = CameraExtension/Info.plist;
				MARKETING_VERSION = 0.1.0;
				PRODUCT_BUNDLE_IDENTIFIER = com.strongrise.meetingcompanion.cameraextension;
				PRODUCT_NAME = com.strongrise.meetingcompanion.cameraextension;
				SKIP_INSTALL = YES;
				SWIFT_VERSION = 5.0;
			};
			name = Debug;
		};
		BB00000000000000000000C9 /* Release */ = {
			isa = XCBuildConfiguration;
			buildSettings = {
				CODE_SIGN_ENTITLEMENTS = CameraExtension/CameraExtension.entitlements;
				CODE_SIGN_IDENTITY = "Apple Development";
				CODE_SIGN_STYLE = Automatic;
				CURRENT_PROJECT_VERSION = 1;
				DEVELOPMENT_TEAM = GJPMXXQTWN;
				ENABLE_HARDENED_RUNTIME = YES;
				GENERATE_INFOPLIST_FILE = NO;
				INFOPLIST_FILE = CameraExtension/Info.plist;
				MARKETING_VERSION = 0.1.0;
				PRODUCT_BUNDLE_IDENTIFIER = com.strongrise.meetingcompanion.cameraextension;
				PRODUCT_NAME = com.strongrise.meetingcompanion.cameraextension;
				SKIP_INSTALL = YES;
				SWIFT_VERSION = 5.0;
			};
			name = Release;
		};

/* Begin XCConfigurationList section */
		AA00000000000000000000C1 /* Build configuration list for PBXProject "MeetingCompanion" */ = {
			isa = XCConfigurationList;
			buildConfigurations = (
				AA00000000000000000000C3 /* Debug */,
				AA00000000000000000000C4 /* Release */,
			);
			defaultConfigurationIsVisible = 0;
			defaultConfigurationName = Release;
		};
		AA00000000000000000000C2 /* Build configuration list for PBXNativeTarget "MeetingNotes" */ = {
			isa = XCConfigurationList;
			buildConfigurations = (
				AA00000000000000000000C5 /* Debug */,
				AA00000000000000000000C6 /* Release */,
			);
			defaultConfigurationIsVisible = 0;
			defaultConfigurationName = Release;
		};
		BB00000000000000000000C7 /* Build configuration list for PBXNativeTarget "CameraExtension" */ = {
			isa = XCConfigurationList;
			buildConfigurations = (
				BB00000000000000000000C8 /* Debug */,
				BB00000000000000000000C9 /* Release */,
			);
			defaultConfigurationIsVisible = 0;
			defaultConfigurationName = Release;
		};
/* End XCConfigurationList section */

/* Begin XCLocalSwiftPackageReference section */
		AA0000000000000000000011 /* XCLocalSwiftPackageReference "Packages/MeetingKit" */ = {
			isa = XCLocalSwiftPackageReference;
			relativePath = Packages/MeetingKit;
		};
/* End XCLocalSwiftPackageReference section */

/* Begin XCRemoteSwiftPackageReference section */
		AA0000000000000000000012 /* XCRemoteSwiftPackageReference "GRDB.swift" */ = {
			isa = XCRemoteSwiftPackageReference;
			repositoryURL = "https://github.com/groue/GRDB.swift.git";
			requirement = {
				kind = upToNextMajorVersion;
				minimumVersion = 6.29.0;
			};
		};
/* End XCRemoteSwiftPackageReference section */

/* Begin XCSwiftPackageProductDependency section */
		AA00000000000000000000F1 /* MeetingCore */ = {
			isa = XCSwiftPackageProductDependency;
			productName = MeetingCore;
		};
		AA00000000000000000000F2 /* MeetingProviders */ = {
			isa = XCSwiftPackageProductDependency;
			productName = MeetingProviders;
		};
		AA00000000000000000000F3 /* GRDB */ = {
			isa = XCSwiftPackageProductDependency;
			package = AA0000000000000000000012 /* XCRemoteSwiftPackageReference "GRDB.swift" */;
			productName = GRDB;
		};
/* End XCSwiftPackageProductDependency section */
	};
	rootObject = AA00000000000000000000B1 /* Project object */;
}
